
Microsoft Visual Studio Solution File, Format Version 12.00
# Visual Studio Version 16
VisualStudioVersion = 16.0.32228.343
MinimumVisualStudioVersion = 10.0.40219.1
Project("{D2ABAB84-BF74-430A-B69E-9DC6D40DDA17}") = "ProjetDWSSAS", "ProjetDWSSAS.dwproj", "{9860664E-2DB1-4F1A-9346-39FF8C880C78}"
EndProject
Global
	GlobalSection(SolutionConfigurationPlatforms) = preSolution
		Development|Default = Development|Default
	EndGlobalSection
	GlobalSection(ProjectConfigurationPlatforms) = postSolution
		{9860664E-2DB1-4F1A-9346-39FF8C880C78}.Development|Default.ActiveCfg = Development
		{9860664E-2DB1-4F1A-9346-39FF8C880C78}.Development|Default.Build.0 = Development
		{9860664E-2DB1-4F1A-9346-39FF8C880C78}.Development|Default.Deploy.0 = Development
	EndGlobalSection
	GlobalSection(SolutionProperties) = preSolution
		HideSolutionNode = FALSE
	EndGlobalSection
	GlobalSection(ExtensibilityGlobals) = postSolution
		SolutionGuid = {E4995200-EC0B-48FB-AFFB-5E8079DD71A8}
	EndGlobalSection
EndGlobal
